// !$*UTF8*$!
{
	archiveVersion = 1;
	classes = {
	};
	objectVersion = 46;
	objects = {

/* Begin PBXAggregateTarget section */
		"ViewModelBindable::ViewModelBindablePackageTests::ProductTarget" /* ViewModelBindablePackageTests */ = {
			isa = PBXAggregateTarget;
			buildConfigurationList = OBJ_369 /* Build configuration list for PBXAggregateTarget "ViewModelBindablePackageTests" */;
			buildPhases = (
			);
			dependencies = (
				OBJ_372 /* PBXTargetDependency */,
			);
			name = ViewModelBindablePackageTests;
			productName = ViewModelBindablePackageTests;
		};
/* End PBXAggregateTarget section */

/* Begin PBXBuildFile section */
		OBJ_354 /* AssociatedKeys.swift in Sources */ = {isa = PBXBuildFile; fileRef = OBJ_9 /* AssociatedKeys.swift */; };
		OBJ_355 /* UIApplicationExtension.swift in Sources */ = {isa = PBXBuildFile; fileRef = OBJ_10 /* UIApplicationExtension.swift */; };
		OBJ_356 /* UIViewControllerExtension.swift in Sources */ = {isa = PBXBuildFile; fileRef = OBJ_11 /* UIViewControllerExtension.swift */; };
		OBJ_357 /* UIViewExtension.swift in Sources */ = {isa = PBXBuildFile; fileRef = OBJ_12 /* UIViewExtension.swift */; };
		OBJ_358 /* ViewModelBindable.swift in Sources */ = {isa = PBXBuildFile; fileRef = OBJ_13 /* ViewModelBindable.swift */; };
		OBJ_367 /* Package.swift in Sources */ = {isa = PBXBuildFile; fileRef = OBJ_6 /* Package.swift */; };
		OBJ_378 /* ViewModelBindableTests.swift in Sources */ = {isa = PBXBuildFile; fileRef = OBJ_16 /* ViewModelBindableTests.swift */; };
		OBJ_379 /* XCTestManifests.swift in Sources */ = {isa = PBXBuildFile; fileRef = OBJ_17 /* XCTestManifests.swift */; };
		OBJ_381 /* ViewModelBindable.framework in Frameworks */ = {isa = PBXBuildFile; fileRef = "ViewModelBindable::ViewModelBindable::Product" /* ViewModelBindable.framework */; };
/* End PBXBuildFile section */

/* Begin PBXContainerItemProxy section */
		43C1F36F22B75DE100D17127 /* PBXContainerItemProxy */ = {
			isa = PBXContainerItemProxy;
			containerPortal = OBJ_1 /* Project object */;
			proxyType = 1;
			remoteGlobalIDString = "ViewModelBindable::ViewModelBindable";
			remoteInfo = ViewModelBindable;
		};
		43C1F37122B771F600D17127 /* PBXContainerItemProxy */ = {
			isa = PBXContainerItemProxy;
			containerPortal = OBJ_1 /* Project object */;
			proxyType = 1;
			remoteGlobalIDString = "ViewModelBindable::ViewModelBindableTests";
			remoteInfo = ViewModelBindableTests;
		};
/* End PBXContainerItemProxy section */

/* Begin PBXFileReference section */
		OBJ_10 /* UIApplicationExtension.swift */ = {isa = PBXFileReference; lastKnownFileType = sourcecode.swift; path = UIApplicationExtension.swift; sourceTree = "<group>"; };
		OBJ_11 /* UIViewControllerExtension.swift */ = {isa = PBXFileReference; lastKnownFileType = sourcecode.swift; path = UIViewControllerExtension.swift; sourceTree = "<group>"; };
		OBJ_12 /* UIViewExtension.swift */ = {isa = PBXFileReference; lastKnownFileType = sourcecode.swift; path = UIViewExtension.swift; sourceTree = "<group>"; };
		OBJ_13 /* ViewModelBindable.swift */ = {isa = PBXFileReference; lastKnownFileType = sourcecode.swift; path = ViewModelBindable.swift; sourceTree = "<group>"; };
		OBJ_16 /* ViewModelBindableTests.swift */ = {isa = PBXFileReference; lastKnownFileType = sourcecode.swift; path = ViewModelBindableTests.swift; sourceTree = "<group>"; };
		OBJ_17 /* XCTestManifests.swift */ = {isa = PBXFileReference; lastKnownFileType = sourcecode.swift; path = XCTestManifests.swift; sourceTree = "<group>"; };
		OBJ_183 /* LICENSE */ = {isa = PBXFileReference; lastKnownFileType = text; path = LICENSE; sourceTree = "<group>"; };
		OBJ_184 /* README.md */ = {isa = PBXFileReference; lastKnownFileType = net.daringfireball.markdown; path = README.md; sourceTree = "<group>"; };
		OBJ_185 /* ViewModelBindable.podspec */ = {isa = PBXFileReference; lastKnownFileType = text; path = ViewModelBindable.podspec; sourceTree = "<group>"; };
		OBJ_6 /* Package.swift */ = {isa = PBXFileReference; explicitFileType = sourcecode.swift; path = Package.swift; sourceTree = "<group>"; };
		OBJ_9 /* AssociatedKeys.swift */ = {isa = PBXFileReference; lastKnownFileType = sourcecode.swift; path = AssociatedKeys.swift; sourceTree = "<group>"; };
		"ViewModelBindable::ViewModelBindable::Product" /* ViewModelBindable.framework */ = {isa = PBXFileReference; explicitFileType = wrapper.framework; path = ViewModelBindable.framework; sourceTree = BUILT_PRODUCTS_DIR; };
		"ViewModelBindable::ViewModelBindableTests::Product" /* ViewModelBindableTests.xctest */ = {isa = PBXFileReference; lastKnownFileType = file; path = ViewModelBindableTests.xctest; sourceTree = BUILT_PRODUCTS_DIR; };
/* End PBXFileReference section */

/* Begin PBXFrameworksBuildPhase section */
		OBJ_359 /* Frameworks */ = {
			isa = PBXFrameworksBuildPhase;
			buildActionMask = 0;
			files = (
			);
			runOnlyForDeploymentPostprocessing = 0;
		};
		OBJ_380 /* Frameworks */ = {
			isa = PBXFrameworksBuildPhase;
			buildActionMask = 0;
			files = (
				OBJ_381 /* ViewModelBindable.framework in Frameworks */,
			);
			runOnlyForDeploymentPostprocessing = 0;
		};
/* End PBXFrameworksBuildPhase section */

/* Begin PBXGroup section */
		OBJ_14 /* Tests */ = {
			isa = PBXGroup;
			children = (
				OBJ_15 /* ViewModelBindableTests */,
			);
			name = Tests;
			sourceTree = SOURCE_ROOT;
		};
		OBJ_15 /* ViewModelBindableTests */ = {
			isa = PBXGroup;
			children = (
				OBJ_16 /* ViewModelBindableTests.swift */,
				OBJ_17 /* XCTestManifests.swift */,
			);
			name = ViewModelBindableTests;
			path = Tests/ViewModelBindableTests;
			sourceTree = SOURCE_ROOT;
		};
		OBJ_178 /* Products */ = {
			isa = PBXGroup;
			children = (
				"ViewModelBindable::ViewModelBindable::Product" /* ViewModelBindable.framework */,
				"ViewModelBindable::ViewModelBindableTests::Product" /* ViewModelBindableTests.xctest */,
			);
			name = Products;
			sourceTree = BUILT_PRODUCTS_DIR;
		};
		OBJ_5 /*  */ = {
			isa = PBXGroup;
			children = (
				OBJ_6 /* Package.swift */,
				OBJ_7 /* Sources */,
				OBJ_14 /* Tests */,
				OBJ_178 /* Products */,
				OBJ_183 /* LICENSE */,
				OBJ_184 /* README.md */,
				OBJ_185 /* ViewModelBindable.podspec */,
			);
			name = "";
			sourceTree = "<group>";
		};
		OBJ_7 /* Sources */ = {
			isa = PBXGroup;
			children = (
				OBJ_8 /* ViewModelBindable */,
			);
			name = Sources;
			sourceTree = SOURCE_ROOT;
		};
		OBJ_8 /* ViewModelBindable */ = {
			isa = PBXGroup;
			children = (
				OBJ_9 /* AssociatedKeys.swift */,
				OBJ_10 /* UIApplicationExtension.swift */,
				OBJ_11 /* UIViewControllerExtension.swift */,
				OBJ_12 /* UIViewExtension.swift */,
				OBJ_13 /* ViewModelBindable.swift */,
			);
			name = ViewModelBindable;
			path = Sources/ViewModelBindable;
			sourceTree = SOURCE_ROOT;
		};
/* End PBXGroup section */

/* Begin PBXNativeTarget section */
		"ViewModelBindable::SwiftPMPackageDescription" /* ViewModelBindablePackageDescription */ = {
			isa = PBXNativeTarget;
			buildConfigurationList = OBJ_363 /* Build configuration list for PBXNativeTarget "ViewModelBindablePackageDescription" */;
			buildPhases = (
				OBJ_366 /* Sources */,
			);
			buildRules = (
			);
			dependencies = (
			);
			name = ViewModelBindablePackageDescription;
			productName = ViewModelBindablePackageDescription;
			productType = "com.apple.product-type.framework";
		};
		"ViewModelBindable::ViewModelBindable" /* ViewModelBindable */ = {
			isa = PBXNativeTarget;
			buildConfigurationList = OBJ_350 /* Build configuration list for PBXNativeTarget "ViewModelBindable" */;
			buildPhases = (
				OBJ_353 /* Sources */,
				OBJ_359 /* Frameworks */,
				43C1F37222B775F100D17127 /* ShellScript */,
			);
			buildRules = (
			);
			dependencies = (
			);
			name = ViewModelBindable;
			productName = ViewModelBindable;
			productReference = "ViewModelBindable::ViewModelBindable::Product" /* ViewModelBindable.framework */;
			productType = "com.apple.product-type.framework";
		};
		"ViewModelBindable::ViewModelBindableTests" /* ViewModelBindableTests */ = {
			isa = PBXNativeTarget;
			buildConfigurationList = OBJ_374 /* Build configuration list for PBXNativeTarget "ViewModelBindableTests" */;
			buildPhases = (
				OBJ_377 /* Sources */,
				OBJ_380 /* Frameworks */,
			);
			buildRules = (
			);
			dependencies = (
				OBJ_383 /* PBXTargetDependency */,
			);
			name = ViewModelBindableTests;
			productName = ViewModelBindableTests;
			productReference = "ViewModelBindable::ViewModelBindableTests::Product" /* ViewModelBindableTests.xctest */;
			productType = "com.apple.product-type.bundle.unit-test";
		};
/* End PBXNativeTarget section */

/* Begin PBXProject section */
		OBJ_1 /* Project object */ = {
			isa = PBXProject;
			attributes = {
				LastSwiftMigration = 9999;
				LastUpgradeCheck = 9999;
			};
			buildConfigurationList = OBJ_2 /* Build configuration list for PBXProject "ViewModelBindable" */;
			compatibilityVersion = "Xcode 3.2";
			developmentRegion = English;
			hasScannedForEncodings = 0;
			knownRegions = (
				English,
				en,
			);
			mainGroup = OBJ_5 /*  */;
			productRefGroup = OBJ_178 /* Products */;
			projectDirPath = "";
			projectRoot = "";
			targets = (
				"ViewModelBindable::ViewModelBindable" /* ViewModelBindable */,
				"ViewModelBindable::SwiftPMPackageDescription" /* ViewModelBindablePackageDescription */,
				"ViewModelBindable::ViewModelBindablePackageTests::ProductTarget" /* ViewModelBindablePackageTests */,
				"ViewModelBindable::ViewModelBindableTests" /* ViewModelBindableTests */,
			);
		};
/* End PBXProject section */

/* Begin PBXShellScriptBuildPhase section */
		43C1F37222B775F100D17127 /* ShellScript */ = {
			isa = PBXShellScriptBuildPhase;
			buildActionMask = 2147483647;
			files = (
			);
			inputFileListPaths = (
			);
			inputPaths = (
				"$(SRCROOT)/Carthage/Build/iOS/RxSwift.framework",
			);
			outputFileListPaths = (
			);
			outputPaths = (
			);
			runOnlyForDeploymentPostprocessing = 0;
			shellPath = /bin/sh;
			shellScript = "/usr/local/bin/carthage copy-frameworks\n";
		};
/* End PBXShellScriptBuildPhase section */

/* Begin PBXSourcesBuildPhase section */
		OBJ_353 /* Sources */ = {
			isa = PBXSourcesBuildPhase;
			buildActionMask = 0;
			files = (
				OBJ_354 /* AssociatedKeys.swift in Sources */,
				OBJ_355 /* UIApplicationExtension.swift in Sources */,
				OBJ_356 /* UIViewControllerExtension.swift in Sources */,
				OBJ_357 /* UIViewExtension.swift in Sources */,
				OBJ_358 /* ViewModelBindable.swift in Sources */,
			);
			runOnlyForDeploymentPostprocessing = 0;
		};
		OBJ_366 /* Sources */ = {
			isa = PBXSourcesBuildPhase;
			buildActionMask = 0;
			files = (
				OBJ_367 /* Package.swift in Sources */,
			);
			runOnlyForDeploymentPostprocessing = 0;
		};
		OBJ_377 /* Sources */ = {
			isa = PBXSourcesBuildPhase;
			buildActionMask = 0;
			files = (
				OBJ_378 /* ViewModelBindableTests.swift in Sources */,
				OBJ_379 /* XCTestManifests.swift in Sources */,
			);
			runOnlyForDeploymentPostprocessing = 0;
		};
/* End PBXSourcesBuildPhase section */

/* Begin PBXTargetDependency section */
		OBJ_372 /* PBXTargetDependency */ = {
			isa = PBXTargetDependency;
			target = "ViewModelBindable::ViewModelBindableTests" /* ViewModelBindableTests */;
			targetProxy = 43C1F37122B771F600D17127 /* PBXContainerItemProxy */;
		};
		OBJ_383 /* PBXTargetDependency */ = {
			isa = PBXTargetDependency;
			target = "ViewModelBindable::ViewModelBindable" /* ViewModelBindable */;
			targetProxy = 43C1F36F22B75DE100D17127 /* PBXContainerItemProxy */;
		};
/* End PBXTargetDependency section */

/* Begin XCBuildConfiguration section */
		OBJ_3 /* Debug */ = {
			isa = XCBuildConfiguration;
			buildSettings = {
				CLANG_ENABLE_OBJC_ARC = YES;
				COMBINE_HIDPI_IMAGES = YES;
				COPY_PHASE_STRIP = NO;
				DEBUG_INFORMATION_FORMAT = dwarf;
				DYLIB_INSTALL_NAME_BASE = "@rpath";
				ENABLE_NS_ASSERTIONS = YES;
				GCC_OPTIMIZATION_LEVEL = 0;
				GCC_PREPROCESSOR_DEFINITIONS = (
					"$(inherited)",
					"SWIFT_PACKAGE=1",
					"DEBUG=1",
				);
				MACOSX_DEPLOYMENT_TARGET = 10.10;
				ONLY_ACTIVE_ARCH = YES;
				OTHER_SWIFT_FLAGS = "-DXcode";
				PRODUCT_NAME = "$(TARGET_NAME)";
				SDKROOT = macosx;
				SUPPORTED_PLATFORMS = "macosx iphoneos iphonesimulator appletvos appletvsimulator watchos watchsimulator";
				SWIFT_ACTIVE_COMPILATION_CONDITIONS = "$(inherited) SWIFT_PACKAGE DEBUG";
				SWIFT_OPTIMIZATION_LEVEL = "-Onone";
				USE_HEADERMAP = NO;
			};
			name = Debug;
		};
		OBJ_351 /* Debug */ = {
			isa = XCBuildConfiguration;
			buildSettings = {
				ENABLE_TESTABILITY = YES;
				FRAMEWORK_SEARCH_PATHS = (
					"$(inherited)",
					"$(PLATFORM_DIR)/Developer/Library/Frameworks",
					"$(PROJECT_DIR)/Carthage/Build/iOS",
				);
				HEADER_SEARCH_PATHS = "$(inherited)";
				INFOPLIST_FILE = ViewModelBindable.xcodeproj/ViewModelBindable_Info.plist;
				IPHONEOS_DEPLOYMENT_TARGET = 8.0;
				LD_RUNPATH_SEARCH_PATHS = "$(inherited) @loader_path/Frameworks @executable_path/Frameworks";
				MACOSX_DEPLOYMENT_TARGET = 10.10;
				OTHER_CFLAGS = "$(inherited)";
				OTHER_LDFLAGS = "$(inherited)";
				OTHER_SWIFT_FLAGS = "$(inherited)";
				PRODUCT_BUNDLE_IDENTIFIER = ViewModelBindable;
				PRODUCT_MODULE_NAME = "$(TARGET_NAME:c99extidentifier)";
				PRODUCT_NAME = "$(TARGET_NAME:c99extidentifier)";
				SKIP_INSTALL = YES;
				SWIFT_ACTIVE_COMPILATION_CONDITIONS = "$(inherited)";
				SWIFT_VERSION = 5.0;
				TARGET_NAME = ViewModelBindable;
				TVOS_DEPLOYMENT_TARGET = 9.0;
				VALID_ARCHS = "arm64 arm64e armv7 armv7s";
				WATCHOS_DEPLOYMENT_TARGET = 2.0;
			};
			name = Debug;
		};
		OBJ_352 /* Release */ = {
			isa = XCBuildConfiguration;
			buildSettings = {
				ENABLE_TESTABILITY = YES;
				FRAMEWORK_SEARCH_PATHS = (
					"$(inherited)",
					"$(PLATFORM_DIR)/Developer/Library/Frameworks",
					"$(PROJECT_DIR)/Carthage/Build/iOS",
				);
				HEADER_SEARCH_PATHS = "$(inherited)";
				INFOPLIST_FILE = ViewModelBindable.xcodeproj/ViewModelBindable_Info.plist;
				IPHONEOS_DEPLOYMENT_TARGET = 8.0;
				LD_RUNPATH_SEARCH_PATHS = "$(inherited) @loader_path/Frameworks @executable_path/Frameworks";
				MACOSX_DEPLOYMENT_TARGET = 10.10;
				OTHER_CFLAGS = "$(inherited)";
				OTHER_LDFLAGS = "$(inherited)";
				OTHER_SWIFT_FLAGS = "$(inherited)";
				PRODUCT_BUNDLE_IDENTIFIER = ViewModelBindable;
				PRODUCT_MODULE_NAME = "$(TARGET_NAME:c99extidentifier)";
				PRODUCT_NAME = "$(TARGET_NAME:c99extidentifier)";
				SKIP_INSTALL = YES;
				SWIFT_ACTIVE_COMPILATION_CONDITIONS = "$(inherited)";
				SWIFT_VERSION = 5.0;
				TARGET_NAME = ViewModelBindable;
				TVOS_DEPLOYMENT_TARGET = 9.0;
				VALID_ARCHS = "arm64 arm64e armv7 armv7s";
				WATCHOS_DEPLOYMENT_TARGET = 2.0;
			};
			name = Release;
		};
		OBJ_364 /* Debug */ = {
			isa = XCBuildConfiguration;
			buildSettings = {
				LD = /usr/bin/true;
				OTHER_SWIFT_FLAGS = "-swift-version 5 -I $(TOOLCHAIN_DIR)/usr/lib/swift/pm/4_2 -target x86_64-apple-macosx10.10 -sdk /Applications/Xcode.app/Contents/Developer/Platforms/MacOSX.platform/Developer/SDKs/MacOSX10.14.sdk";
				SWIFT_VERSION = 5.0;
			};
			name = Debug;
		};
		OBJ_365 /* Release */ = {
			isa = XCBuildConfiguration;
			buildSettings = {
				LD = /usr/bin/true;
				OTHER_SWIFT_FLAGS = "-swift-version 5 -I $(TOOLCHAIN_DIR)/usr/lib/swift/pm/4_2 -target x86_64-apple-macosx10.10 -sdk /Applications/Xcode.app/Contents/Developer/Platforms/MacOSX.platform/Developer/SDKs/MacOSX10.14.sdk";
				SWIFT_VERSION = 5.0;
			};
			name = Release;
		};
		OBJ_370 /* Debug */ = {
			isa = XCBuildConfiguration;
			buildSettings = {
			};
			name = Debug;
		};
		OBJ_371 /* Release */ = {
			isa = XCBuildConfiguration;
			buildSettings = {
			};
			name = Release;
		};
		OBJ_375 /* Debug */ = {
			isa = XCBuildConfiguration;
			buildSettings = {
				CLANG_ENABLE_MODULES = YES;
				EMBEDDED_CONTENT_CONTAINS_SWIFT = YES;
				FRAMEWORK_SEARCH_PATHS = (
					"$(inherited)",
					"$(PLATFORM_DIR)/Developer/Library/Frameworks",
				);
				HEADER_SEARCH_PATHS = "$(inherited)";
				INFOPLIST_FILE = ViewModelBindable.xcodeproj/ViewModelBindableTests_Info.plist;
				IPHONEOS_DEPLOYMENT_TARGET = 8.0;
				LD_RUNPATH_SEARCH_PATHS = "$(inherited) @loader_path/../Frameworks @loader_path/Frameworks";
				MACOSX_DEPLOYMENT_TARGET = 10.10;
				OTHER_CFLAGS = "$(inherited)";
				OTHER_LDFLAGS = "$(inherited)";
				OTHER_SWIFT_FLAGS = "$(inherited)";
				SWIFT_ACTIVE_COMPILATION_CONDITIONS = "$(inherited)";
				SWIFT_VERSION = 5.0;
				TARGET_NAME = ViewModelBindableTests;
				TVOS_DEPLOYMENT_TARGET = 9.0;
				WATCHOS_DEPLOYMENT_TARGET = 2.0;
			};
			name = Debug;
		};
		OBJ_376 /* Release */ = {
			isa = XCBuildConfiguration;
			buildSettings = {
				CLANG_ENABLE_MODULES = YES;
				EMBEDDED_CONTENT_CONTAINS_SWIFT = YES;
				FRAMEWORK_SEARCH_PATHS = (
					"$(inherited)",
					"$(PLATFORM_DIR)/Developer/Library/Frameworks",
				);
				HEADER_SEARCH_PATHS = "$(inherited)";
				INFOPLIST_FILE = ViewModelBindable.xcodeproj/ViewModelBindableTests_Info.plist;
				IPHONEOS_DEPLOYMENT_TARGET = 8.0;
				LD_RUNPATH_SEARCH_PATHS = "$(inherited) @loader_path/../Frameworks @loader_path/Frameworks";
				MACOSX_DEPLOYMENT_TARGET = 10.10;
				OTHER_CFLAGS = "$(inherited)";
				OTHER_LDFLAGS = "$(inherited)";
				OTHER_SWIFT_FLAGS = "$(inherited)";
				SWIFT_ACTIVE_COMPILATION_CONDITIONS = "$(inherited)";
				SWIFT_VERSION = 5.0;
				TARGET_NAME = ViewModelBindableTests;
				TVOS_DEPLOYMENT_TARGET = 9.0;
				WATCHOS_DEPLOYMENT_TARGET = 2.0;
			};
			name = Release;
		};
		OBJ_4 /* Release */ = {
			isa = XCBuildConfiguration;
			buildSettings = {
				CLANG_ENABLE_OBJC_ARC = YES;
				COMBINE_HIDPI_IMAGES = YES;
				COPY_PHASE_STRIP = YES;
				DEBUG_INFORMATION_FORMAT = "dwarf-with-dsym";
				DYLIB_INSTALL_NAME_BASE = "@rpath";
				GCC_OPTIMIZATION_LEVEL = s;
				GCC_PREPROCESSOR_DEFINITIONS = (
					"$(inherited)",
					"SWIFT_PACKAGE=1",
				);
				MACOSX_DEPLOYMENT_TARGET = 10.10;
				OTHER_SWIFT_FLAGS = "-DXcode";
				PRODUCT_NAME = "$(TARGET_NAME)";
				SDKROOT = macosx;
				SUPPORTED_PLATFORMS = "macosx iphoneos iphonesimulator appletvos appletvsimulator watchos watchsimulator";
				SWIFT_ACTIVE_COMPILATION_CONDITIONS = "$(inherited) SWIFT_PACKAGE";
				SWIFT_OPTIMIZATION_LEVEL = "-Owholemodule";
				USE_HEADERMAP = NO;
			};
			name = Release;
		};
/* End XCBuildConfiguration section */

/* Begin XCConfigurationList section */
		OBJ_2 /* Build configuration list for PBXProject "ViewModelBindable" */ = {
			isa = XCConfigurationList;
			buildConfigurations = (
				OBJ_3 /* Debug */,
				OBJ_4 /* Release */,
			);
			defaultConfigurationIsVisible = 0;
			defaultConfigurationName = Release;
		};
		OBJ_350 /* Build configuration list for PBXNativeTarget "ViewModelBindable" */ = {
			isa = XCConfigurationList;
			buildConfigurations = (
				OBJ_351 /* Debug */,
				OBJ_352 /* Release */,
			);
			defaultConfigurationIsVisible = 0;
			defaultConfigurationName = Release;
		};
		OBJ_363 /* Build configuration list for PBXNativeTarget "ViewModelBindablePackageDescription" */ = {
			isa = XCConfigurationList;
			buildConfigurations = (
				OBJ_364 /* Debug */,
				OBJ_365 /* Release */,
			);
			defaultConfigurationIsVisible = 0;
			defaultConfigurationName = Release;
		};
		OBJ_369 /* Build configuration list for PBXAggregateTarget "ViewModelBindablePackageTests" */ = {
			isa = XCConfigurationList;
			buildConfigurations = (
				OBJ_370 /* Debug */,
				OBJ_371 /* Release */,
			);
			defaultConfigurationIsVisible = 0;
			defaultConfigurationName = Release;
		};
		OBJ_374 /* Build configuration list for PBXNativeTarget "ViewModelBindableTests" */ = {
			isa = XCConfigurationList;
			buildConfigurations = (
				OBJ_375 /* Debug */,
				OBJ_376 /* Release */,
			);
			defaultConfigurationIsVisible = 0;
			defaultConfigurationName = Release;
		};
/* End XCConfigurationList section */
	};
	rootObject = OBJ_1 /* Project object */;
}
